
Microsoft Visual Studio Solution File, Format Version 12.00
# Visual Studio Version 17
VisualStudioVersion = 17.3.32901.215
MinimumVisualStudioVersion = 10.0.40219.1
Project("{FAE04EC0-301F-11D3-BF4B-00C04F79EFBC}") = "KobeTown", "KobeTown\KobeTown.csproj", "{8DEE78EF-7C5B-4B6B-96BD-41D76DB1EF6F}"
EndProject
Global
	GlobalSection(SolutionConfigurationPlatforms) = preSolution
		Debug|Any CPU = Debug|Any CPU
		Release|Any CPU = Release|Any CPU
	EndGlobalSection
	GlobalSection(ProjectConfigurationPlatforms) = postSolution
		{8DEE78EF-7C5B-4B6B-96BD-41D76DB1EF6F}.Debug|Any CPU.ActiveCfg = Debug|Any CPU
		{8DEE78EF-7C5B-4B6B-96BD-41D76DB1EF6F}.Debug|Any CPU.Build.0 = Debug|Any CPU
		{8DEE78EF-7C5B-4B6B-96BD-41D76DB1EF6F}.Release|Any CPU.ActiveCfg = Release|Any CPU
		{8DEE78EF-7C5B-4B6B-96BD-41D76DB1EF6F}.Release|Any CPU.Build.0 = Release|Any CPU
	EndGlobalSection
	GlobalSection(SolutionProperties) = preSolution
		HideSolutionNode = FALSE
	EndGlobalSection
	GlobalSection(ExtensibilityGlobals) = postSolution
		SolutionGuid = {182A1E04-8AB1-447B-AA39-89D13D01667B}
	EndGlobalSection
EndGlobal
